
Microsoft Visual Studio Solution File, Format Version 12.00
# Visual Studio Version 17
VisualStudioVersion = 17.14.36915.13 d17.14
MinimumVisualStudioVersion = 10.0.40219.1
Project("{FAE04EC0-301F-11D3-BF4B-00C04F79EFBC}") = "Scraper", "Scraper.csproj", "{BFE904A2-094A-4F38-8DF9-3A6A794DDE64}"
EndProject
Global
	GlobalSection(SolutionConfigurationPlatforms) = preSolution
		Debug|Any CPU = Debug|Any CPU
		Release|Any CPU = Release|Any CPU
	EndGlobalSection
	GlobalSection(ProjectConfigurationPlatforms) = postSolution
		{BFE904A2-094A-4F38-8DF9-3A6A794DDE64}.Debug|Any CPU.ActiveCfg = Debug|Any CPU
		{BFE904A2-094A-4F38-8DF9-3A6A794DDE64}.Debug|Any CPU.Build.0 = Debug|Any CPU
		{BFE904A2-094A-4F38-8DF9-3A6A794DDE64}.Release|Any CPU.ActiveCfg = Release|Any CPU
		{BFE904A2-094A-4F38-8DF9-3A6A794DDE64}.Release|Any CPU.Build.0 = Release|Any CPU
	EndGlobalSection
	GlobalSection(SolutionProperties) = preSolution
		HideSolutionNode = FALSE
	EndGlobalSection
	GlobalSection(ExtensibilityGlobals) = postSolution
		SolutionGuid = {74864D24-26FD-42B0-A516-6EDEB21F087F}
	EndGlobalSection
EndGlobal
